
Microsoft Visual Studio Solution File, Format Version 12.00
# Visual Studio 14
VisualStudioVersion = 14.0.25123.0
MinimumVisualStudioVersion = 10.0.40219.1
Project("{FAE04EC0-301F-11D3-BF4B-00C04F79EFBC}") = "ObservableVoiceCapture", "ObservableVoiceCapture\ObservableVoiceCapture.csproj", "{7E18A262-101C-4629-AB80-220C4086AB21}"
EndProject
Project("{FAE04EC0-301F-11D3-BF4B-00C04F79EFBC}") = "ObservableVoiceCapture.Pcl", "ObservableVoiceCapture.Pcl\ObservableVoiceCapture.Pcl.csproj", "{9907D02D-3A9E-49A4-B4A9-7E964A343966}"
EndProject
Project("{FAE04EC0-301F-11D3-BF4B-00C04F79EFBC}") = "ObservableVoiceCapture.Droid", "ObservableVoiceCapture.Droid\ObservableVoiceCapture.Droid.csproj", "{3E5465E5-1950-4205-857A-11C67101C74B}"
EndProject
Project("{FAE04EC0-301F-11D3-BF4B-00C04F79EFBC}") = "ObservableVoiceCapture.Touch", "ObservableVoiceCapture.Touch\ObservableVoiceCapture.Touch.csproj", "{33A72FFF-82F0-4BD3-8D81-ED6C4C1EFA2A}"
EndProject
Project("{FAE04EC0-301F-11D3-BF4B-00C04F79EFBC}") = "ObservableVoiceCapture.Test", "ObservableVoiceCapture.Test\ObservableVoiceCapture.Test.csproj", "{067456C0-086C-46A8-B37F-1405717B7BFC}"
EndProject
Project("{FAE04EC0-301F-11D3-BF4B-00C04F79EFBC}") = "ObservableVoiceCapture.Droid.Test", "ObservableVoiceCapture.Droid.Test\ObservableVoiceCapture.Droid.Test.csproj", "{29298056-A12F-467D-BADA-EAE4A1D80C09}"
EndProject
Project("{FAE04EC0-301F-11D3-BF4B-00C04F79EFBC}") = "ObservableVoiceCapture.Touch.Test", "ObservableVoiceCapture.Touch.Test\ObservableVoiceCapture.Touch.Test.csproj", "{9E47B19D-42CB-442F-9255-3CF00B434F4F}"
EndProject
Project("{FAE04EC0-301F-11D3-BF4B-00C04F79EFBC}") = "ObservableVoiceCapture.Factory", "ObservabeVoiceCapture.Factory\ObservableVoiceCapture.Factory.csproj", "{B8317426-4D19-4A2E-80A8-155F0243899D}"
EndProject
Project("{FAE04EC0-301F-11D3-BF4B-00C04F79EFBC}") = "CheckFactory", "CheckFactory\CheckFactory\CheckFactory.csproj", "{A6FCAC32-4F4F-4937-843C-2A49E76605BF}"
EndProject
Project("{FAE04EC0-301F-11D3-BF4B-00C04F79EFBC}") = "CheckFactory.Droid", "CheckFactory\CheckFactory.Droid\CheckFactory.Droid.csproj", "{B71358E6-5D92-4071-B033-70668D7FB300}"
EndProject
Project("{FAE04EC0-301F-11D3-BF4B-00C04F79EFBC}") = "CheckFactory.iOS", "CheckFactory\CheckFactory.iOS\CheckFactory.iOS.csproj", "{F6A38595-DC4F-4E01-BF45-C4531E50A516}"
EndProject
Global
	GlobalSection(SolutionConfigurationPlatforms) = preSolution
		Ad-Hoc|Any CPU = Ad-Hoc|Any CPU
		Ad-Hoc|iPhone = Ad-Hoc|iPhone
		Ad-Hoc|iPhoneSimulator = Ad-Hoc|iPhoneSimulator
		AppStore|Any CPU = AppStore|Any CPU
		AppStore|iPhone = AppStore|iPhone
		AppStore|iPhoneSimulator = AppStore|iPhoneSimulator
		Debug|Any CPU = Debug|Any CPU
		Debug|iPhone = Debug|iPhone
		Debug|iPhoneSimulator = Debug|iPhoneSimulator
		Release|Any CPU = Release|Any CPU
		Release|iPhone = Release|iPhone
		Release|iPhoneSimulator = Release|iPhoneSimulator
	EndGlobalSection
	GlobalSection(ProjectConfigurationPlatforms) = postSolution
		{7E18A262-101C-4629-AB80-220C4086AB21}.Ad-Hoc|Any CPU.ActiveCfg = Debug|Any CPU
		{7E18A262-101C-4629-AB80-220C4086AB21}.Ad-Hoc|Any CPU.Build.0 = Debug|Any CPU
		{7E18A262-101C-4629-AB80-220C4086AB21}.Ad-Hoc|iPhone.ActiveCfg = Debug|Any CPU
		{7E18A262-101C-4629-AB80-220C4086AB21}.Ad-Hoc|iPhone.Build.0 = Debug|Any CPU
		{7E18A262-101C-4629-AB80-220C4086AB21}.Ad-Hoc|iPhoneSimulator.ActiveCfg = Debug|Any CPU
		{7E18A262-101C-4629-AB80-220C4086AB21}.Ad-Hoc|iPhoneSimulator.Build.0 = Debug|Any CPU
		{7E18A262-101C-4629-AB80-220C4086AB21}.AppStore|Any CPU.ActiveCfg = Release|Any CPU
		{7E18A262-101C-4629-AB80-220C4086AB21}.AppStore|Any CPU.Build.0 = Release|Any CPU
		{7E18A262-101C-4629-AB80-220C4086AB21}.AppStore|iPhone.ActiveCfg = Debug|Any CPU
		{7E18A262-101C-4629-AB80-220C4086AB21}.AppStore|iPhone.Build.0 = Debug|Any CPU
		{7E18A262-101C-4629-AB80-220C4086AB21}.AppStore|iPhoneSimulator.ActiveCfg = Debug|Any CPU
		{7E18A262-101C-4629-AB80-220C4086AB21}.AppStore|iPhoneSimulator.Build.0 = Debug|Any CPU
		{7E18A262-101C-4629-AB80-220C4086AB21}.Debug|Any CPU.ActiveCfg = Debug|Any CPU
		{7E18A262-101C-4629-AB80-220C4086AB21}.Debug|Any CPU.Build.0 = Debug|Any CPU
		{7E18A262-101C-4629-AB80-220C4086AB21}.Debug|iPhone.ActiveCfg = Debug|Any CPU
		{7E18A262-101C-4629-AB80-220C4086AB21}.Debug|iPhone.Build.0 = Debug|Any CPU
		{7E18A262-101C-4629-AB80-220C4086AB21}.Debug|iPhoneSimulator.ActiveCfg = Debug|Any CPU
		{7E18A262-101C-4629-AB80-220C4086AB21}.Debug|iPhoneSimulator.Build.0 = Debug|Any CPU
		{7E18A262-101C-4629-AB80-220C4086AB21}.Release|Any CPU.ActiveCfg = Release|Any CPU
		{7E18A262-101C-4629-AB80-220C4086AB21}.Release|Any CPU.Build.0 = Release|Any CPU
		{7E18A262-101C-4629-AB80-220C4086AB21}.Release|iPhone.ActiveCfg = Release|Any CPU
		{7E18A262-101C-4629-AB80-220C4086AB21}.Release|iPhone.Build.0 = Release|Any CPU
		{7E18A262-101C-4629-AB80-220C4086AB21}.Release|iPhoneSimulator.ActiveCfg = Release|Any CPU
		{7E18A262-101C-4629-AB80-220C4086AB21}.Release|iPhoneSimulator.Build.0 = Release|Any CPU
		{9907D02D-3A9E-49A4-B4A9-7E964A343966}.Ad-Hoc|Any CPU.ActiveCfg = Debug|Any CPU
		{9907D02D-3A9E-49A4-B4A9-7E964A343966}.Ad-Hoc|Any CPU.Build.0 = Debug|Any CPU
		{9907D02D-3A9E-49A4-B4A9-7E964A343966}.Ad-Hoc|iPhone.ActiveCfg = Debug|Any CPU
		{9907D02D-3A9E-49A4-B4A9-7E964A343966}.Ad-Hoc|iPhone.Build.0 = Debug|Any CPU
		{9907D02D-3A9E-49A4-B4A9-7E964A343966}.Ad-Hoc|iPhoneSimulator.ActiveCfg = Debug|Any CPU
		{9907D02D-3A9E-49A4-B4A9-7E964A343966}.Ad-Hoc|iPhoneSimulator.Build.0 = Debug|Any CPU
		{9907D02D-3A9E-49A4-B4A9-7E964A343966}.AppStore|Any CPU.ActiveCfg = Release|Any CPU
		{9907D02D-3A9E-49A4-B4A9-7E964A343966}.AppStore|Any CPU.Build.0 = Release|Any CPU
		{9907D02D-3A9E-49A4-B4A9-7E964A343966}.AppStore|iPhone.ActiveCfg = Debug|Any CPU
		{9907D02D-3A9E-49A4-B4A9-7E964A343966}.AppStore|iPhone.Build.0 = Debug|Any CPU
		{9907D02D-3A9E-49A4-B4A9-7E964A343966}.AppStore|iPhoneSimulator.ActiveCfg = Debug|Any CPU
		{9907D02D-3A9E-49A4-B4A9-7E964A343966}.AppStore|iPhoneSimulator.Build.0 = Debug|Any CPU
		{9907D02D-3A9E-49A4-B4A9-7E964A343966}.Debug|Any CPU.ActiveCfg = Debug|Any CPU
		{9907D02D-3A9E-49A4-B4A9-7E964A343966}.Debug|Any CPU.Build.0 = Debug|Any CPU
		{9907D02D-3A9E-49A4-B4A9-7E964A343966}.Debug|iPhone.ActiveCfg = Debug|Any CPU
		{9907D02D-3A9E-49A4-B4A9-7E964A343966}.Debug|iPhone.Build.0 = Debug|Any CPU
		{9907D02D-3A9E-49A4-B4A9-7E964A343966}.Debug|iPhoneSimulator.ActiveCfg = Debug|Any CPU
		{9907D02D-3A9E-49A4-B4A9-7E964A343966}.Debug|iPhoneSimulator.Build.0 = Debug|Any CPU
		{9907D02D-3A9E-49A4-B4A9-7E964A343966}.Release|Any CPU.ActiveCfg = Release|Any CPU
		{9907D02D-3A9E-49A4-B4A9-7E964A343966}.Release|Any CPU.Build.0 = Release|Any CPU
		{9907D02D-3A9E-49A4-B4A9-7E964A343966}.Release|iPhone.ActiveCfg = Release|Any CPU
		{9907D02D-3A9E-49A4-B4A9-7E964A343966}.Release|iPhone.Build.0 = Release|Any CPU
		{9907D02D-3A9E-49A4-B4A9-7E964A343966}.Release|iPhoneSimulator.ActiveCfg = Release|Any CPU
		{9907D02D-3A9E-49A4-B4A9-7E964A343966}.Release|iPhoneSimulator.Build.0 = Release|Any CPU
		{3E5465E5-1950-4205-857A-11C67101C74B}.Ad-Hoc|Any CPU.ActiveCfg = Debug|Any CPU
		{3E5465E5-1950-4205-857A-11C67101C74B}.Ad-Hoc|Any CPU.Build.0 = Debug|Any CPU
		{3E5465E5-1950-4205-857A-11C67101C74B}.Ad-Hoc|iPhone.ActiveCfg = Debug|Any CPU
		{3E5465E5-1950-4205-857A-11C67101C74B}.Ad-Hoc|iPhone.Build.0 = Debug|Any CPU
		{3E5465E5-1950-4205-857A-11C67101C74B}.Ad-Hoc|iPhoneSimulator.ActiveCfg = Debug|Any CPU
		{3E5465E5-1950-4205-857A-11C67101C74B}.Ad-Hoc|iPhoneSimulator.Build.0 = Debug|Any CPU
		{3E5465E5-1950-4205-857A-11C67101C74B}.AppStore|Any CPU.ActiveCfg = Release|Any CPU
		{3E5465E5-1950-4205-857A-11C67101C74B}.AppStore|Any CPU.Build.0 = Release|Any CPU
		{3E5465E5-1950-4205-857A-11C67101C74B}.AppStore|iPhone.ActiveCfg = Debug|Any CPU
		{3E5465E5-1950-4205-857A-11C67101C74B}.AppStore|iPhone.Build.0 = Debug|Any CPU
		{3E5465E5-1950-4205-857A-11C67101C74B}.AppStore|iPhoneSimulator.ActiveCfg = Debug|Any CPU
		{3E5465E5-1950-4205-857A-11C67101C74B}.AppStore|iPhoneSimulator.Build.0 = Debug|Any CPU
		{3E5465E5-1950-4205-857A-11C67101C74B}.Debug|Any CPU.ActiveCfg = Debug|Any CPU
		{3E5465E5-1950-4205-857A-11C67101C74B}.Debug|Any CPU.Build.0 = Debug|Any CPU
		{3E5465E5-1950-4205-857A-11C67101C74B}.Debug|iPhone.ActiveCfg = Debug|Any CPU
		{3E5465E5-1950-4205-857A-11C67101C74B}.Debug|iPhone.Build.0 = Debug|Any CPU
		{3E5465E5-1950-4205-857A-11C67101C74B}.Debug|iPhoneSimulator.ActiveCfg = Debug|Any CPU
		{3E5465E5-1950-4205-857A-11C67101C74B}.Debug|iPhoneSimulator.Build.0 = Debug|Any CPU
		{3E5465E5-1950-4205-857A-11C67101C74B}.Release|Any CPU.ActiveCfg = Release|Any CPU
		{3E5465E5-1950-4205-857A-11C67101C74B}.Release|Any CPU.Build.0 = Release|Any CPU
		{3E5465E5-1950-4205-857A-11C67101C74B}.Release|iPhone.ActiveCfg = Release|Any CPU
		{3E5465E5-1950-4205-857A-11C67101C74B}.Release|iPhone.Build.0 = Release|Any CPU
		{3E5465E5-1950-4205-857A-11C67101C74B}.Release|iPhoneSimulator.ActiveCfg = Release|Any CPU
		{3E5465E5-1950-4205-857A-11C67101C74B}.Release|iPhoneSimulator.Build.0 = Release|Any CPU
		{33A72FFF-82F0-4BD3-8D81-ED6C4C1EFA2A}.Ad-Hoc|Any CPU.ActiveCfg = AppStore|Any CPU
		{33A72FFF-82F0-4BD3-8D81-ED6C4C1EFA2A}.Ad-Hoc|Any CPU.Build.0 = AppStore|Any CPU
		{33A72FFF-82F0-4BD3-8D81-ED6C4C1EFA2A}.Ad-Hoc|iPhone.ActiveCfg = AppStore|Any CPU
		{33A72FFF-82F0-4BD3-8D81-ED6C4C1EFA2A}.Ad-Hoc|iPhone.Build.0 = AppStore|Any CPU
		{33A72FFF-82F0-4BD3-8D81-ED6C4C1EFA2A}.Ad-Hoc|iPhoneSimulator.ActiveCfg = AppStore|Any CPU
		{33A72FFF-82F0-4BD3-8D81-ED6C4C1EFA2A}.Ad-Hoc|iPhoneSimulator.Build.0 = AppStore|Any CPU
		{33A72FFF-82F0-4BD3-8D81-ED6C4C1EFA2A}.AppStore|Any CPU.ActiveCfg = AppStore|Any CPU
		{33A72FFF-82F0-4BD3-8D81-ED6C4C1EFA2A}.AppStore|Any CPU.Build.0 = AppStore|Any CPU
		{33A72FFF-82F0-4BD3-8D81-ED6C4C1EFA2A}.AppStore|iPhone.ActiveCfg = AppStore|Any CPU
		{33A72FFF-82F0-4BD3-8D81-ED6C4C1EFA2A}.AppStore|iPhone.Build.0 = AppStore|Any CPU
		{33A72FFF-82F0-4BD3-8D81-ED6C4C1EFA2A}.AppStore|iPhoneSimulator.ActiveCfg = AppStore|Any CPU
		{33A72FFF-82F0-4BD3-8D81-ED6C4C1EFA2A}.AppStore|iPhoneSimulator.Build.0 = AppStore|Any CPU
		{33A72FFF-82F0-4BD3-8D81-ED6C4C1EFA2A}.Debug|Any CPU.ActiveCfg = Debug|Any CPU
		{33A72FFF-82F0-4BD3-8D81-ED6C4C1EFA2A}.Debug|Any CPU.Build.0 = Debug|Any CPU
		{33A72FFF-82F0-4BD3-8D81-ED6C4C1EFA2A}.Debug|iPhone.ActiveCfg = Debug|Any CPU
		{33A72FFF-82F0-4BD3-8D81-ED6C4C1EFA2A}.Debug|iPhone.Build.0 = Debug|Any CPU
		{33A72FFF-82F0-4BD3-8D81-ED6C4C1EFA2A}.Debug|iPhoneSimulator.ActiveCfg = Debug|Any CPU
		{33A72FFF-82F0-4BD3-8D81-ED6C4C1EFA2A}.Debug|iPhoneSimulator.Build.0 = Debug|Any CPU
		{33A72FFF-82F0-4BD3-8D81-ED6C4C1EFA2A}.Release|Any CPU.ActiveCfg = Release|Any CPU
		{33A72FFF-82F0-4BD3-8D81-ED6C4C1EFA2A}.Release|Any CPU.Build.0 = Release|Any CPU
		{33A72FFF-82F0-4BD3-8D81-ED6C4C1EFA2A}.Release|iPhone.ActiveCfg = Release|Any CPU
		{33A72FFF-82F0-4BD3-8D81-ED6C4C1EFA2A}.Release|iPhone.Build.0 = Release|Any CPU
		{33A72FFF-82F0-4BD3-8D81-ED6C4C1EFA2A}.Release|iPhoneSimulator.ActiveCfg = Release|Any CPU
		{33A72FFF-82F0-4BD3-8D81-ED6C4C1EFA2A}.Release|iPhoneSimulator.Build.0 = Release|Any CPU
		{067456C0-086C-46A8-B37F-1405717B7BFC}.Ad-Hoc|Any CPU.ActiveCfg = Debug|Any CPU
		{067456C0-086C-46A8-B37F-1405717B7BFC}.Ad-Hoc|Any CPU.Build.0 = Debug|Any CPU
		{067456C0-086C-46A8-B37F-1405717B7BFC}.Ad-Hoc|iPhone.ActiveCfg = Debug|Any CPU
		{067456C0-086C-46A8-B37F-1405717B7BFC}.Ad-Hoc|iPhone.Build.0 = Debug|Any CPU
		{067456C0-086C-46A8-B37F-1405717B7BFC}.Ad-Hoc|iPhoneSimulator.ActiveCfg = Debug|Any CPU
		{067456C0-086C-46A8-B37F-1405717B7BFC}.Ad-Hoc|iPhoneSimulator.Build.0 = Debug|Any CPU
		{067456C0-086C-46A8-B37F-1405717B7BFC}.AppStore|Any CPU.ActiveCfg = Release|Any CPU
		{067456C0-086C-46A8-B37F-1405717B7BFC}.AppStore|Any CPU.Build.0 = Release|Any CPU
		{067456C0-086C-46A8-B37F-1405717B7BFC}.AppStore|iPhone.ActiveCfg = Debug|Any CPU
		{067456C0-086C-46A8-B37F-1405717B7BFC}.AppStore|iPhone.Build.0 = Debug|Any CPU
		{067456C0-086C-46A8-B37F-1405717B7BFC}.AppStore|iPhoneSimulator.ActiveCfg = Debug|Any CPU
		{067456C0-086C-46A8-B37F-1405717B7BFC}.AppStore|iPhoneSimulator.Build.0 = Debug|Any CPU
		{067456C0-086C-46A8-B37F-1405717B7BFC}.Debug|Any CPU.ActiveCfg = Debug|Any CPU
		{067456C0-086C-46A8-B37F-1405717B7BFC}.Debug|Any CPU.Build.0 = Debug|Any CPU
		{067456C0-086C-46A8-B37F-1405717B7BFC}.Debug|iPhone.ActiveCfg = Debug|Any CPU
		{067456C0-086C-46A8-B37F-1405717B7BFC}.Debug|iPhone.Build.0 = Debug|Any CPU
		{067456C0-086C-46A8-B37F-1405717B7BFC}.Debug|iPhoneSimulator.ActiveCfg = Debug|Any CPU
		{067456C0-086C-46A8-B37F-1405717B7BFC}.Debug|iPhoneSimulator.Build.0 = Debug|Any CPU
		{067456C0-086C-46A8-B37F-1405717B7BFC}.Release|Any CPU.ActiveCfg = Release|Any CPU
		{067456C0-086C-46A8-B37F-1405717B7BFC}.Release|iPhone.ActiveCfg = Release|Any CPU
		{067456C0-086C-46A8-B37F-1405717B7BFC}.Release|iPhoneSimulator.ActiveCfg = Release|Any CPU
		{067456C0-086C-46A8-B37F-1405717B7BFC}.Release|iPhoneSimulator.Build.0 = Release|Any CPU
		{29298056-A12F-467D-BADA-EAE4A1D80C09}.Ad-Hoc|Any CPU.ActiveCfg = Debug|Any CPU
		{29298056-A12F-467D-BADA-EAE4A1D80C09}.Ad-Hoc|Any CPU.Build.0 = Debug|Any CPU
		{29298056-A12F-467D-BADA-EAE4A1D80C09}.Ad-Hoc|Any CPU.Deploy.0 = Debug|Any CPU
		{29298056-A12F-467D-BADA-EAE4A1D80C09}.Ad-Hoc|iPhone.ActiveCfg = Debug|Any CPU
		{29298056-A12F-467D-BADA-EAE4A1D80C09}.Ad-Hoc|iPhone.Build.0 = Debug|Any CPU
		{29298056-A12F-467D-BADA-EAE4A1D80C09}.Ad-Hoc|iPhone.Deploy.0 = Debug|Any CPU
		{29298056-A12F-467D-BADA-EAE4A1D80C09}.Ad-Hoc|iPhoneSimulator.ActiveCfg = Debug|Any CPU
		{29298056-A12F-467D-BADA-EAE4A1D80C09}.Ad-Hoc|iPhoneSimulator.Build.0 = Debug|Any CPU
		{29298056-A12F-467D-BADA-EAE4A1D80C09}.Ad-Hoc|iPhoneSimulator.Deploy.0 = Debug|Any CPU
		{29298056-A12F-467D-BADA-EAE4A1D80C09}.AppStore|Any CPU.ActiveCfg = Release|Any CPU
		{29298056-A12F-467D-BADA-EAE4A1D80C09}.AppStore|Any CPU.Build.0 = Release|Any CPU
		{29298056-A12F-467D-BADA-EAE4A1D80C09}.AppStore|Any CPU.Deploy.0 = Release|Any CPU
		{29298056-A12F-467D-BADA-EAE4A1D80C09}.AppStore|iPhone.ActiveCfg = Debug|Any CPU
		{29298056-A12F-467D-BADA-EAE4A1D80C09}.AppStore|iPhone.Build.0 = Debug|Any CPU
		{29298056-A12F-467D-BADA-EAE4A1D80C09}.AppStore|iPhone.Deploy.0 = Debug|Any CPU
		{29298056-A12F-467D-BADA-EAE4A1D80C09}.AppStore|iPhoneSimulator.ActiveCfg = Debug|Any CPU
		{29298056-A12F-467D-BADA-EAE4A1D80C09}.AppStore|iPhoneSimulator.Build.0 = Debug|Any CPU
		{29298056-A12F-467D-BADA-EAE4A1D80C09}.AppStore|iPhoneSimulator.Deploy.0 = Debug|Any CPU
		{29298056-A12F-467D-BADA-EAE4A1D80C09}.Debug|Any CPU.ActiveCfg = Debug|Any CPU
		{29298056-A12F-467D-BADA-EAE4A1D80C09}.Debug|Any CPU.Build.0 = Debug|Any CPU
		{29298056-A12F-467D-BADA-EAE4A1D80C09}.Debug|Any CPU.Deploy.0 = Debug|Any CPU
		{29298056-A12F-467D-BADA-EAE4A1D80C09}.Debug|iPhone.ActiveCfg = Debug|Any CPU
		{29298056-A12F-467D-BADA-EAE4A1D80C09}.Debug|iPhone.Build.0 = Debug|Any CPU
		{29298056-A12F-467D-BADA-EAE4A1D80C09}.Debug|iPhone.Deploy.0 = Debug|Any CPU
		{29298056-A12F-467D-BADA-EAE4A1D80C09}.Debug|iPhoneSimulator.ActiveCfg = Debug|Any CPU
		{29298056-A12F-467D-BADA-EAE4A1D80C09}.Debug|iPhoneSimulator.Build.0 = Debug|Any CPU
		{29298056-A12F-467D-BADA-EAE4A1D80C09}.Debug|iPhoneSimulator.Deploy.0 = Debug|Any CPU
		{29298056-A12F-467D-BADA-EAE4A1D80C09}.Release|Any CPU.ActiveCfg = Release|Any CPU
		{29298056-A12F-467D-BADA-EAE4A1D80C09}.Release|iPhone.ActiveCfg = Release|Any CPU
		{29298056-A12F-467D-BADA-EAE4A1D80C09}.Release|iPhone.Deploy.0 = Release|Any CPU
		{29298056-A12F-467D-BADA-EAE4A1D80C09}.Release|iPhoneSimulator.ActiveCfg = Release|Any CPU
		{29298056-A12F-467D-BADA-EAE4A1D80C09}.Release|iPhoneSimulator.Build.0 = Release|Any CPU
		{29298056-A12F-467D-BADA-EAE4A1D80C09}.Release|iPhoneSimulator.Deploy.0 = Release|Any CPU
		{9E47B19D-42CB-442F-9255-3CF00B434F4F}.Ad-Hoc|Any CPU.ActiveCfg = Ad-Hoc|iPhone
		{9E47B19D-42CB-442F-9255-3CF00B434F4F}.Ad-Hoc|iPhone.ActiveCfg = Ad-Hoc|iPhone
		{9E47B19D-42CB-442F-9255-3CF00B434F4F}.Ad-Hoc|iPhone.Build.0 = Ad-Hoc|iPhone
		{9E47B19D-42CB-442F-9255-3CF00B434F4F}.Ad-Hoc|iPhoneSimulator.ActiveCfg = Ad-Hoc|iPhoneSimulator
		{9E47B19D-42CB-442F-9255-3CF00B434F4F}.Ad-Hoc|iPhoneSimulator.Build.0 = Ad-Hoc|iPhoneSimulator
		{9E47B19D-42CB-442F-9255-3CF00B434F4F}.AppStore|Any CPU.ActiveCfg = AppStore|iPhone
		{9E47B19D-42CB-442F-9255-3CF00B434F4F}.AppStore|iPhone.ActiveCfg = AppStore|iPhone
		{9E47B19D-42CB-442F-9255-3CF00B434F4F}.AppStore|iPhone.Build.0 = AppStore|iPhone
		{9E47B19D-42CB-442F-9255-3CF00B434F4F}.AppStore|iPhoneSimulator.ActiveCfg = AppStore|iPhoneSimulator
		{9E47B19D-42CB-442F-9255-3CF00B434F4F}.AppStore|iPhoneSimulator.Build.0 = AppStore|iPhoneSimulator
		{9E47B19D-42CB-442F-9255-3CF00B434F4F}.Debug|Any CPU.ActiveCfg = Debug|iPhone
		{9E47B19D-42CB-442F-9255-3CF00B434F4F}.Debug|iPhone.ActiveCfg = Debug|iPhone
		{9E47B19D-42CB-442F-9255-3CF00B434F4F}.Debug|iPhone.Build.0 = Debug|iPhone
		{9E47B19D-42CB-442F-9255-3CF00B434F4F}.Debug|iPhoneSimulator.ActiveCfg = Debug|iPhoneSimulator
		{9E47B19D-42CB-442F-9255-3CF00B434F4F}.Debug|iPhoneSimulator.Build.0 = Debug|iPhoneSimulator
		{9E47B19D-42CB-442F-9255-3CF00B434F4F}.Release|Any CPU.ActiveCfg = Release|iPhone
		{9E47B19D-42CB-442F-9255-3CF00B434F4F}.Release|iPhone.ActiveCfg = Release|iPhone
		{9E47B19D-42CB-442F-9255-3CF00B434F4F}.Release|iPhoneSimulator.ActiveCfg = Release|iPhoneSimulator
		{9E47B19D-42CB-442F-9255-3CF00B434F4F}.Release|iPhoneSimulator.Build.0 = Release|iPhoneSimulator
		{B8317426-4D19-4A2E-80A8-155F0243899D}.Ad-Hoc|Any CPU.ActiveCfg = Release|Any CPU
		{B8317426-4D19-4A2E-80A8-155F0243899D}.Ad-Hoc|Any CPU.Build.0 = Release|Any CPU
		{B8317426-4D19-4A2E-80A8-155F0243899D}.Ad-Hoc|iPhone.ActiveCfg = Release|Any CPU
		{B8317426-4D19-4A2E-80A8-155F0243899D}.Ad-Hoc|iPhone.Build.0 = Release|Any CPU
		{B8317426-4D19-4A2E-80A8-155F0243899D}.Ad-Hoc|iPhoneSimulator.ActiveCfg = Release|Any CPU
		{B8317426-4D19-4A2E-80A8-155F0243899D}.Ad-Hoc|iPhoneSimulator.Build.0 = Release|Any CPU
		{B8317426-4D19-4A2E-80A8-155F0243899D}.AppStore|Any CPU.ActiveCfg = Release|Any CPU
		{B8317426-4D19-4A2E-80A8-155F0243899D}.AppStore|Any CPU.Build.0 = Release|Any CPU
		{B8317426-4D19-4A2E-80A8-155F0243899D}.AppStore|iPhone.ActiveCfg = Release|Any CPU
		{B8317426-4D19-4A2E-80A8-155F0243899D}.AppStore|iPhone.Build.0 = Release|Any CPU
		{B8317426-4D19-4A2E-80A8-155F0243899D}.AppStore|iPhoneSimulator.ActiveCfg = Release|Any CPU
		{B8317426-4D19-4A2E-80A8-155F0243899D}.AppStore|iPhoneSimulator.Build.0 = Release|Any CPU
		{B8317426-4D19-4A2E-80A8-155F0243899D}.Debug|Any CPU.ActiveCfg = Debug|Any CPU
		{B8317426-4D19-4A2E-80A8-155F0243899D}.Debug|Any CPU.Build.0 = Debug|Any CPU
		{B8317426-4D19-4A2E-80A8-155F0243899D}.Debug|iPhone.ActiveCfg = Debug|Any CPU
		{B8317426-4D19-4A2E-80A8-155F0243899D}.Debug|iPhone.Build.0 = Debug|Any CPU
		{B8317426-4D19-4A2E-80A8-155F0243899D}.Debug|iPhoneSimulator.ActiveCfg = Debug|Any CPU
		{B8317426-4D19-4A2E-80A8-155F0243899D}.Debug|iPhoneSimulator.Build.0 = Debug|Any CPU
		{B8317426-4D19-4A2E-80A8-155F0243899D}.Release|Any CPU.ActiveCfg = Release|Any CPU
		{B8317426-4D19-4A2E-80A8-155F0243899D}.Release|Any CPU.Build.0 = Release|Any CPU
		{B8317426-4D19-4A2E-80A8-155F0243899D}.Release|iPhone.ActiveCfg = Release|Any CPU
		{B8317426-4D19-4A2E-80A8-155F0243899D}.Release|iPhone.Build.0 = Release|Any CPU
		{B8317426-4D19-4A2E-80A8-155F0243899D}.Release|iPhoneSimulator.ActiveCfg = Release|Any CPU
		{B8317426-4D19-4A2E-80A8-155F0243899D}.Release|iPhoneSimulator.Build.0 = Release|Any CPU
		{A6FCAC32-4F4F-4937-843C-2A49E76605BF}.Ad-Hoc|Any CPU.ActiveCfg = Release|Any CPU
		{A6FCAC32-4F4F-4937-843C-2A49E76605BF}.Ad-Hoc|Any CPU.Build.0 = Release|Any CPU
		{A6FCAC32-4F4F-4937-843C-2A49E76605BF}.Ad-Hoc|iPhone.ActiveCfg = Release|Any CPU
		{A6FCAC32-4F4F-4937-843C-2A49E76605BF}.Ad-Hoc|iPhone.Build.0 = Release|Any CPU
		{A6FCAC32-4F4F-4937-843C-2A49E76605BF}.Ad-Hoc|iPhoneSimulator.ActiveCfg = Release|Any CPU
		{A6FCAC32-4F4F-4937-843C-2A49E76605BF}.Ad-Hoc|iPhoneSimulator.Build.0 = Release|Any CPU
		{A6FCAC32-4F4F-4937-843C-2A49E76605BF}.AppStore|Any CPU.ActiveCfg = Release|Any CPU
		{A6FCAC32-4F4F-4937-843C-2A49E76605BF}.AppStore|Any CPU.Build.0 = Release|Any CPU
		{A6FCAC32-4F4F-4937-843C-2A49E76605BF}.AppStore|iPhone.ActiveCfg = Release|Any CPU
		{A6FCAC32-4F4F-4937-843C-2A49E76605BF}.AppStore|iPhone.Build.0 = Release|Any CPU
		{A6FCAC32-4F4F-4937-843C-2A49E76605BF}.AppStore|iPhoneSimulator.ActiveCfg = Release|Any CPU
		{A6FCAC32-4F4F-4937-843C-2A49E76605BF}.AppStore|iPhoneSimulator.Build.0 = Release|Any CPU
		{A6FCAC32-4F4F-4937-843C-2A49E76605BF}.Debug|Any CPU.ActiveCfg = Debug|Any CPU
		{A6FCAC32-4F4F-4937-843C-2A49E76605BF}.Debug|Any CPU.Build.0 = Debug|Any CPU
		{A6FCAC32-4F4F-4937-843C-2A49E76605BF}.Debug|iPhone.ActiveCfg = Debug|Any CPU
		{A6FCAC32-4F4F-4937-843C-2A49E76605BF}.Debug|iPhone.Build.0 = Debug|Any CPU
		{A6FCAC32-4F4F-4937-843C-2A49E76605BF}.Debug|iPhoneSimulator.ActiveCfg = Debug|Any CPU
		{A6FCAC32-4F4F-4937-843C-2A49E76605BF}.Debug|iPhoneSimulator.Build.0 = Debug|Any CPU
		{A6FCAC32-4F4F-4937-843C-2A49E76605BF}.Release|Any CPU.ActiveCfg = Release|Any CPU
		{A6FCAC32-4F4F-4937-843C-2A49E76605BF}.Release|Any CPU.Build.0 = Release|Any CPU
		{A6FCAC32-4F4F-4937-843C-2A49E76605BF}.Release|iPhone.ActiveCfg = Release|Any CPU
		{A6FCAC32-4F4F-4937-843C-2A49E76605BF}.Release|iPhone.Build.0 = Release|Any CPU
		{A6FCAC32-4F4F-4937-843C-2A49E76605BF}.Release|iPhoneSimulator.ActiveCfg = Release|Any CPU
		{A6FCAC32-4F4F-4937-843C-2A49E76605BF}.Release|iPhoneSimulator.Build.0 = Release|Any CPU
		{B71358E6-5D92-4071-B033-70668D7FB300}.Ad-Hoc|Any CPU.ActiveCfg = Release|Any CPU
		{B71358E6-5D92-4071-B033-70668D7FB300}.Ad-Hoc|Any CPU.Build.0 = Release|Any CPU
		{B71358E6-5D92-4071-B033-70668D7FB300}.Ad-Hoc|Any CPU.Deploy.0 = Release|Any CPU
		{B71358E6-5D92-4071-B033-70668D7FB300}.Ad-Hoc|iPhone.ActiveCfg = Release|Any CPU
		{B71358E6-5D92-4071-B033-70668D7FB300}.Ad-Hoc|iPhone.Build.0 = Release|Any CPU
		{B71358E6-5D92-4071-B033-70668D7FB300}.Ad-Hoc|iPhone.Deploy.0 = Release|Any CPU
		{B71358E6-5D92-4071-B033-70668D7FB300}.Ad-Hoc|iPhoneSimulator.ActiveCfg = Release|Any CPU
		{B71358E6-5D92-4071-B033-70668D7FB300}.Ad-Hoc|iPhoneSimulator.Build.0 = Release|Any CPU
		{B71358E6-5D92-4071-B033-70668D7FB300}.Ad-Hoc|iPhoneSimulator.Deploy.0 = Release|Any CPU
		{B71358E6-5D92-4071-B033-70668D7FB300}.AppStore|Any CPU.ActiveCfg = Release|Any CPU
		{B71358E6-5D92-4071-B033-70668D7FB300}.AppStore|Any CPU.Build.0 = Release|Any CPU
		{B71358E6-5D92-4071-B033-70668D7FB300}.AppStore|Any CPU.Deploy.0 = Release|Any CPU
		{B71358E6-5D92-4071-B033-70668D7FB300}.AppStore|iPhone.ActiveCfg = Release|Any CPU
		{B71358E6-5D92-4071-B033-70668D7FB300}.AppStore|iPhone.Build.0 = Release|Any CPU
		{B71358E6-5D92-4071-B033-70668D7FB300}.AppStore|iPhone.Deploy.0 = Release|Any CPU
		{B71358E6-5D92-4071-B033-70668D7FB300}.AppStore|iPhoneSimulator.ActiveCfg = Release|Any CPU
		{B71358E6-5D92-4071-B033-70668D7FB300}.AppStore|iPhoneSimulator.Build.0 = Release|Any CPU
		{B71358E6-5D92-4071-B033-70668D7FB300}.AppStore|iPhoneSimulator.Deploy.0 = Release|Any CPU
		{B71358E6-5D92-4071-B033-70668D7FB300}.Debug|Any CPU.ActiveCfg = Debug|Any CPU
		{B71358E6-5D92-4071-B033-70668D7FB300}.Debug|Any CPU.Build.0 = Debug|Any CPU
		{B71358E6-5D92-4071-B033-70668D7FB300}.Debug|Any CPU.Deploy.0 = Debug|Any CPU
		{B71358E6-5D92-4071-B033-70668D7FB300}.Debug|iPhone.ActiveCfg = Debug|Any CPU
		{B71358E6-5D92-4071-B033-70668D7FB300}.Debug|iPhone.Build.0 = Debug|Any CPU
		{B71358E6-5D92-4071-B033-70668D7FB300}.Debug|iPhone.Deploy.0 = Debug|Any CPU
		{B71358E6-5D92-4071-B033-70668D7FB300}.Debug|iPhoneSimulator.ActiveCfg = Debug|Any CPU
		{B71358E6-5D92-4071-B033-70668D7FB300}.Debug|iPhoneSimulator.Build.0 = Debug|Any CPU
		{B71358E6-5D92-4071-B033-70668D7FB300}.Debug|iPhoneSimulator.Deploy.0 = Debug|Any CPU
		{B71358E6-5D92-4071-B033-70668D7FB300}.Release|Any CPU.ActiveCfg = Release|Any CPU
		{B71358E6-5D92-4071-B033-70668D7FB300}.Release|Any CPU.Build.0 = Release|Any CPU
		{B71358E6-5D92-4071-B033-70668D7FB300}.Release|Any CPU.Deploy.0 = Release|Any CPU
		{B71358E6-5D92-4071-B033-70668D7FB300}.Release|iPhone.ActiveCfg = Release|Any CPU
		{B71358E6-5D92-4071-B033-70668D7FB300}.Release|iPhone.Build.0 = Release|Any CPU
		{B71358E6-5D92-4071-B033-70668D7FB300}.Release|iPhone.Deploy.0 = Release|Any CPU
		{B71358E6-5D92-4071-B033-70668D7FB300}.Release|iPhoneSimulator.ActiveCfg = Release|Any CPU
		{B71358E6-5D92-4071-B033-70668D7FB300}.Release|iPhoneSimulator.Build.0 = Release|Any CPU
		{B71358E6-5D92-4071-B033-70668D7FB300}.Release|iPhoneSimulator.Deploy.0 = Release|Any CPU
		{F6A38595-DC4F-4E01-BF45-C4531E50A516}.Ad-Hoc|Any CPU.ActiveCfg = Ad-Hoc|iPhone
		{F6A38595-DC4F-4E01-BF45-C4531E50A516}.Ad-Hoc|iPhone.ActiveCfg = Ad-Hoc|iPhone
		{F6A38595-DC4F-4E01-BF45-C4531E50A516}.Ad-Hoc|iPhone.Build.0 = Ad-Hoc|iPhone
		{F6A38595-DC4F-4E01-BF45-C4531E50A516}.Ad-Hoc|iPhoneSimulator.ActiveCfg = Ad-Hoc|iPhoneSimulator
		{F6A38595-DC4F-4E01-BF45-C4531E50A516}.Ad-Hoc|iPhoneSimulator.Build.0 = Ad-Hoc|iPhoneSimulator
		{F6A38595-DC4F-4E01-BF45-C4531E50A516}.AppStore|Any CPU.ActiveCfg = AppStore|iPhone
		{F6A38595-DC4F-4E01-BF45-C4531E50A516}.AppStore|iPhone.ActiveCfg = AppStore|iPhone
		{F6A38595-DC4F-4E01-BF45-C4531E50A516}.AppStore|iPhone.Build.0 = AppStore|iPhone
		{F6A38595-DC4F-4E01-BF45-C4531E50A516}.AppStore|iPhoneSimulator.ActiveCfg = AppStore|iPhoneSimulator
		{F6A38595-DC4F-4E01-BF45-C4531E50A516}.AppStore|iPhoneSimulator.Build.0 = AppStore|iPhoneSimulator
		{F6A38595-DC4F-4E01-BF45-C4531E50A516}.Debug|Any CPU.ActiveCfg = Debug|iPhone
		{F6A38595-DC4F-4E01-BF45-C4531E50A516}.Debug|iPhone.ActiveCfg = Debug|iPhone
		{F6A38595-DC4F-4E01-BF45-C4531E50A516}.Debug|iPhone.Build.0 = Debug|iPhone
		{F6A38595-DC4F-4E01-BF45-C4531E50A516}.Debug|iPhoneSimulator.ActiveCfg = Debug|iPhoneSimulator
		{F6A38595-DC4F-4E01-BF45-C4531E50A516}.Debug|iPhoneSimulator.Build.0 = Debug|iPhoneSimulator
		{F6A38595-DC4F-4E01-BF45-C4531E50A516}.Release|Any CPU.ActiveCfg = Release|iPhone
		{F6A38595-DC4F-4E01-BF45-C4531E50A516}.Release|iPhone.ActiveCfg = Release|iPhone
		{F6A38595-DC4F-4E01-BF45-C4531E50A516}.Release|iPhone.Build.0 = Release|iPhone
		{F6A38595-DC4F-4E01-BF45-C4531E50A516}.Release|iPhoneSimulator.ActiveCfg = Release|iPhoneSimulator
		{F6A38595-DC4F-4E01-BF45-C4531E50A516}.Release|iPhoneSimulator.Build.0 = Release|iPhoneSimulator
	EndGlobalSection
	GlobalSection(SolutionProperties) = preSolution
		HideSolutionNode = FALSE
	EndGlobalSection
EndGlobal
